// !$*UTF8*$!
{
	archiveVersion = 1;
	classes = {
	};
	objectVersion = 46;
	objects = {

/* Begin PBXBuildFile section */
		A118331F1DDC970800A7BE21 /* main.m in Sources */ = {isa = PBXBuildFile; fileRef = A118331E1DDC970800A7BE21 /* main.m */; };
		A11833221DDC970800A7BE21 /* AppDelegate.m in Sources */ = {isa = PBXBuildFile; fileRef = A11833211DDC970800A7BE21 /* AppDelegate.m */; };
		A11833251DDC970800A7BE21 /* AlbumsController.m in Sources */ = {isa = PBXBuildFile; fileRef = A11833241DDC970800A7BE21 /* AlbumsController.m */; };
		A118332A1DDC970800A7BE21 /* Assets.xcassets in Resources */ = {isa = PBXBuildFile; fileRef = A11833291DDC970800A7BE21 /* Assets.xcassets */; };
		A11833521DDC9B6C00A7BE21 /* Photos.framework in Frameworks */ = {isa = PBXBuildFile; fileRef = A11833511DDC9B6C00A7BE21 /* Photos.framework */; };
		A11833551DDCA5FA00A7BE21 /* NoAccessController.m in Sources */ = {isa = PBXBuildFile; fileRef = A11833541DDCA5FA00A7BE21 /* NoAccessController.m */; };
		A19FFF4D1DE08C9E00F85889 /* ImageManager.m in Sources */ = {isa = PBXBuildFile; fileRef = A19FFF4C1DE08C9E00F85889 /* ImageManager.m */; };
		A1E4A0551DDCBA4700E6FBC0 /* AlbumCell.m in Sources */ = {isa = PBXBuildFile; fileRef = A1E4A0541DDCBA4700E6FBC0 /* AlbumCell.m */; };
		A1E4A05C1DDCCAB900E6FBC0 /* PhotosController.m in Sources */ = {isa = PBXBuildFile; fileRef = A1E4A05B1DDCCAB900E6FBC0 /* PhotosController.m */; };
		A1E4A0601DDCCFFC00E6FBC0 /* ThumbnailView.m in Sources */ = {isa = PBXBuildFile; fileRef = A1E4A05F1DDCCFFC00E6FBC0 /* ThumbnailView.m */; };
		A1E4A0661DDCF51A00E6FBC0 /* PreviewController.m in Sources */ = {isa = PBXBuildFile; fileRef = A1E4A0651DDCF51A00E6FBC0 /* PreviewController.m */; };
		A1E4A06E1DDD7C4400E6FBC0 /* PageController.m in Sources */ = {isa = PBXBuildFile; fileRef = A1E4A06D1DDD7C4400E6FBC0 /* PageController.m */; };
/* End PBXBuildFile section */

/* Begin PBXFileReference section */
		A118331A1DDC970800A7BE21 /* Photos.app */ = {isa = PBXFileReference; explicitFileType = wrapper.application; includeInIndex = 0; path = Photos.app; sourceTree = BUILT_PRODUCTS_DIR; };
		A118331E1DDC970800A7BE21 /* main.m */ = {isa = PBXFileReference; lastKnownFileType = sourcecode.c.objc; path = main.m; sourceTree = "<group>"; };
		A11833201DDC970800A7BE21 /* AppDelegate.h */ = {isa = PBXFileReference; lastKnownFileType = sourcecode.c.h; path = AppDelegate.h; sourceTree = "<group>"; };
		A11833211DDC970800A7BE21 /* AppDelegate.m */ = {isa = PBXFileReference; lastKnownFileType = sourcecode.c.objc; path = AppDelegate.m; sourceTree = "<group>"; };
		A11833231DDC970800A7BE21 /* AlbumsController.h */ = {isa = PBXFileReference; lastKnownFileType = sourcecode.c.h; path = AlbumsController.h; sourceTree = "<group>"; };
		A11833241DDC970800A7BE21 /* AlbumsController.m */ = {isa = PBXFileReference; lastKnownFileType = sourcecode.c.objc; path = AlbumsController.m; sourceTree = "<group>"; };
		A11833291DDC970800A7BE21 /* Assets.xcassets */ = {isa = PBXFileReference; lastKnownFileType = folder.assetcatalog; path = Assets.xcassets; sourceTree = "<group>"; };
		A118332E1DDC970800A7BE21 /* Info.plist */ = {isa = PBXFileReference; lastKnownFileType = text.plist.xml; path = Info.plist; sourceTree = "<group>"; };
		A11833511DDC9B6C00A7BE21 /* Photos.framework */ = {isa = PBXFileReference; lastKnownFileType = wrapper.framework; name = Photos.framework; path = System/Library/Frameworks/Photos.framework; sourceTree = SDKROOT; };
		A11833531DDCA5FA00A7BE21 /* NoAccessController.h */ = {isa = PBXFileReference; fileEncoding = 4; lastKnownFileType = sourcecode.c.h; path = NoAccessController.h; sourceTree = "<group>"; };
		A11833541DDCA5FA00A7BE21 /* NoAccessController.m */ = {isa = PBXFileReference; fileEncoding = 4; lastKnownFileType = sourcecode.c.objc; path = NoAccessController.m; sourceTree = "<group>"; };
		A19FFF4B1DE08C9E00F85889 /* ImageManager.h */ = {isa = PBXFileReference; fileEncoding = 4; lastKnownFileType = sourcecode.c.h; path = ImageManager.h; sourceTree = "<group>"; };
		A19FFF4C1DE08C9E00F85889 /* ImageManager.m */ = {isa = PBXFileReference; fileEncoding = 4; lastKnownFileType = sourcecode.c.objc; path = ImageManager.m; sourceTree = "<group>"; };
		A1E4A0531DDCBA4700E6FBC0 /* AlbumCell.h */ = {isa = PBXFileReference; fileEncoding = 4; lastKnownFileType = sourcecode.c.h; path = AlbumCell.h; sourceTree = "<group>"; };
		A1E4A0541DDCBA4700E6FBC0 /* AlbumCell.m */ = {isa = PBXFileReference; fileEncoding = 4; lastKnownFileType = sourcecode.c.objc; path = AlbumCell.m; sourceTree = "<group>"; };
		A1E4A0561DDCC2C700E6FBC0 /* PrefixHeader.pch */ = {isa = PBXFileReference; lastKnownFileType = sourcecode.c.h; path = PrefixHeader.pch; sourceTree = "<group>"; };
		A1E4A05A1DDCCAB900E6FBC0 /* PhotosController.h */ = {isa = PBXFileReference; fileEncoding = 4; lastKnownFileType = sourcecode.c.h; path = PhotosController.h; sourceTree = "<group>"; };
		A1E4A05B1DDCCAB900E6FBC0 /* PhotosController.m */ = {isa = PBXFileReference; fileEncoding = 4; lastKnownFileType = sourcecode.c.objc; path = PhotosController.m; sourceTree = "<group>"; };
		A1E4A05E1DDCCFFC00E6FBC0 /* ThumbnailView.h */ = {isa = PBXFileReference; fileEncoding = 4; lastKnownFileType = sourcecode.c.h; path = ThumbnailView.h; sourceTree = "<group>"; };
		A1E4A05F1DDCCFFC00E6FBC0 /* ThumbnailView.m */ = {isa = PBXFileReference; fileEncoding = 4; lastKnownFileType = sourcecode.c.objc; path = ThumbnailView.m; sourceTree = "<group>"; };
		A1E4A0641DDCF51900E6FBC0 /* PreviewController.h */ = {isa = PBXFileReference; fileEncoding = 4; lastKnownFileType = sourcecode.c.h; path = PreviewController.h; sourceTree = "<group>"; };
		A1E4A0651DDCF51A00E6FBC0 /* PreviewController.m */ = {isa = PBXFileReference; fileEncoding = 4; lastKnownFileType = sourcecode.c.objc; path = PreviewController.m; sourceTree = "<group>"; };
		A1E4A06C1DDD7C4400E6FBC0 /* PageController.h */ = {isa = PBXFileReference; fileEncoding = 4; lastKnownFileType = sourcecode.c.h; path = PageController.h; sourceTree = "<group>"; };
		A1E4A06D1DDD7C4400E6FBC0 /* PageController.m */ = {isa = PBXFileReference; fileEncoding = 4; lastKnownFileType = sourcecode.c.objc; path = PageController.m; sourceTree = "<group>"; };
/* End PBXFileReference section */

/* Begin PBXFrameworksBuildPhase section */
		A11833171DDC970800A7BE21 /* Frameworks */ = {
			isa = PBXFrameworksBuildPhase;
			buildActionMask = 2147483647;
			files = (
				A11833521DDC9B6C00A7BE21 /* Photos.framework in Frameworks */,
			);
			runOnlyForDeploymentPostprocessing = 0;
		};
/* End PBXFrameworksBuildPhase section */

/* Begin PBXGroup section */
		A11833111DDC970800A7BE21 = {
			isa = PBXGroup;
			children = (
				A118331C1DDC970800A7BE21 /* Photos */,
				A118331B1DDC970800A7BE21 /* Products */,
				A11833501DDC9B6C00A7BE21 /* Frameworks */,
			);
			sourceTree = "<group>";
		};
		A118331B1DDC970800A7BE21 /* Products */ = {
			isa = PBXGroup;
			children = (
				A118331A1DDC970800A7BE21 /* Photos.app */,
			);
			name = Products;
			sourceTree = "<group>";
		};
		A118331C1DDC970800A7BE21 /* Photos */ = {
			isa = PBXGroup;
			children = (
				A1E4A0741DDDAA0300E6FBC0 /* Model */,
				A1E4A0621DDCE8EA00E6FBC0 /* View */,
				A1E4A0631DDCE8F400E6FBC0 /* Controller */,
				A11833291DDC970800A7BE21 /* Assets.xcassets */,
				A118332E1DDC970800A7BE21 /* Info.plist */,
				A118331D1DDC970800A7BE21 /* Supporting Files */,
			);
			path = Photos;
			sourceTree = "<group>";
		};
		A118331D1DDC970800A7BE21 /* Supporting Files */ = {
			isa = PBXGroup;
			children = (
				A11833201DDC970800A7BE21 /* AppDelegate.h */,
				A11833211DDC970800A7BE21 /* AppDelegate.m */,
				A1E4A0561DDCC2C700E6FBC0 /* PrefixHeader.pch */,
				A118331E1DDC970800A7BE21 /* main.m */,
			);
			name = "Supporting Files";
			sourceTree = "<group>";
		};
		A11833501DDC9B6C00A7BE21 /* Frameworks */ = {
			isa = PBXGroup;
			children = (
				A11833511DDC9B6C00A7BE21 /* Photos.framework */,
			);
			name = Frameworks;
			sourceTree = "<group>";
		};
		A1E4A0571DDCCA4800E6FBC0 /* NoAccessController */ = {
			isa = PBXGroup;
			children = (
				A11833531DDCA5FA00A7BE21 /* NoAccessController.h */,
				A11833541DDCA5FA00A7BE21 /* NoAccessController.m */,
			);
			name = NoAccessController;
			sourceTree = "<group>";
		};
		A1E4A0581DDCCA6C00E6FBC0 /* AlbumsController */ = {
			isa = PBXGroup;
			children = (
				A11833231DDC970800A7BE21 /* AlbumsController.h */,
				A11833241DDC970800A7BE21 /* AlbumsController.m */,
			);
			name = AlbumsController;
			sourceTree = "<group>";
		};
		A1E4A0591DDCCA7600E6FBC0 /* AlbumTableViewCell */ = {
			isa = PBXGroup;
			children = (
				A1E4A0531DDCBA4700E6FBC0 /* AlbumCell.h */,
				A1E4A0541DDCBA4700E6FBC0 /* AlbumCell.m */,
			);
			name = AlbumTableViewCell;
			sourceTree = "<group>";
		};
		A1E4A05D1DDCCAC000E6FBC0 /* PhotosController */ = {
			isa = PBXGroup;
			children = (
				A1E4A05A1DDCCAB900E6FBC0 /* PhotosController.h */,
				A1E4A05B1DDCCAB900E6FBC0 /* PhotosController.m */,
			);
			name = PhotosController;
			sourceTree = "<group>";
		};
		A1E4A0611DDCE8E200E6FBC0 /* ThumbnailView */ = {
			isa = PBXGroup;
			children = (
				A1E4A05E1DDCCFFC00E6FBC0 /* ThumbnailView.h */,
				A1E4A05F1DDCCFFC00E6FBC0 /* ThumbnailView.m */,
			);
			name = ThumbnailView;
			sourceTree = "<group>";
		};
		A1E4A0621DDCE8EA00E6FBC0 /* View */ = {
			isa = PBXGroup;
			children = (
				A1E4A0611DDCE8E200E6FBC0 /* ThumbnailView */,
				A1E4A0591DDCCA7600E6FBC0 /* AlbumTableViewCell */,
			);
			name = View;
			sourceTree = "<group>";
		};
		A1E4A0631DDCE8F400E6FBC0 /* Controller */ = {
			isa = PBXGroup;
			children = (
				A1E4A0671DDCF52500E6FBC0 /* PreviewPhotoController */,
				A1E4A06F1DDD7E4100E6FBC0 /* PageController */,
				A1E4A05D1DDCCAC000E6FBC0 /* PhotosController */,
				A1E4A0581DDCCA6C00E6FBC0 /* AlbumsController */,
				A1E4A0571DDCCA4800E6FBC0 /* NoAccessController */,
			);
			name = Controller;
			sourceTree = "<group>";
		};
		A1E4A0671DDCF52500E6FBC0 /* PreviewPhotoController */ = {
			isa = PBXGroup;
			children = (
				A1E4A0641DDCF51900E6FBC0 /* PreviewController.h */,
				A1E4A0651DDCF51A00E6FBC0 /* PreviewController.m */,
			);
			name = PreviewPhotoController;
			sourceTree = "<group>";
		};
		A1E4A06F1DDD7E4100E6FBC0 /* PageController */ = {
			isa = PBXGroup;
			children = (
				A1E4A06C1DDD7C4400E6FBC0 /* PageController.h */,
				A1E4A06D1DDD7C4400E6FBC0 /* PageController.m */,
			);
			name = PageController;
			sourceTree = "<group>";
		};
		A1E4A0741DDDAA0300E6FBC0 /* Model */ = {
			isa = PBXGroup;
			children = (
				A19FFF4B1DE08C9E00F85889 /* ImageManager.h */,
				A19FFF4C1DE08C9E00F85889 /* ImageManager.m */,
			);
			name = Model;
			sourceTree = "<group>";
		};
/* End PBXGroup section */

/* Begin PBXNativeTarget section */
		A11833191DDC970800A7BE21 /* Photos */ = {
			isa = PBXNativeTarget;
			buildConfigurationList = A11833471DDC970800A7BE21 /* Build configuration list for PBXNativeTarget "Photos" */;
			buildPhases = (
				A11833161DDC970800A7BE21 /* Sources */,
				A11833171DDC970800A7BE21 /* Frameworks */,
				A11833181DDC970800A7BE21 /* Resources */,
			);
			buildRules = (
			);
			dependencies = (
			);
			name = Photos;
			productName = Photos;
			productReference = A118331A1DDC970800A7BE21 /* Photos.app */;
			productType = "com.apple.product-type.application";
		};
/* End PBXNativeTarget section */

/* Begin PBXProject section */
		A11833121DDC970800A7BE21 /* Project object */ = {
			isa = PBXProject;
			attributes = {
				LastUpgradeCheck = 0810;
				ORGANIZATIONNAME = "Daniil Tulin";
				TargetAttributes = {
					A11833191DDC970800A7BE21 = {
						CreatedOnToolsVersion = 8.1;
						DevelopmentTeam = 34F67V55EC;
						ProvisioningStyle = Automatic;
					};
				};
			};
			buildConfigurationList = A11833151DDC970800A7BE21 /* Build configuration list for PBXProject "Photos" */;
			compatibilityVersion = "Xcode 3.2";
			developmentRegion = English;
			hasScannedForEncodings = 0;
			knownRegions = (
				en,
				Base,
			);
			mainGroup = A11833111DDC970800A7BE21;
			productRefGroup = A118331B1DDC970800A7BE21 /* Products */;
			projectDirPath = "";
			projectRoot = "";
			targets = (
				A11833191DDC970800A7BE21 /* Photos */,
			);
		};
/* End PBXProject section */

/* Begin PBXResourcesBuildPhase section */
		A11833181DDC970800A7BE21 /* Resources */ = {
			isa = PBXResourcesBuildPhase;
			buildActionMask = 2147483647;
			files = (
				A118332A1DDC970800A7BE21 /* Assets.xcassets in Resources */,
			);
			runOnlyForDeploymentPostprocessing = 0;
		};
/* End PBXResourcesBuildPhase section */

/* Begin PBXSourcesBuildPhase section */
		A11833161DDC970800A7BE21 /* Sources */ = {
			isa = PBXSourcesBuildPhase;
			buildActionMask = 2147483647;
			files = (
				A1E4A0601DDCCFFC00E6FBC0 /* ThumbnailView.m in Sources */,
				A11833251DDC970800A7BE21 /* AlbumsController.m in Sources */,
				A11833221DDC970800A7BE21 /* AppDelegate.m in Sources */,
				A1E4A0661DDCF51A00E6FBC0 /* PreviewController.m in Sources */,
				A1E4A05C1DDCCAB900E6FBC0 /* PhotosController.m in Sources */,
				A118331F1DDC970800A7BE21 /* main.m in Sources */,
				A11833551DDCA5FA00A7BE21 /* NoAccessController.m in Sources */,
				A19FFF4D1DE08C9E00F85889 /* ImageManager.m in Sources */,
				A1E4A0551DDCBA4700E6FBC0 /* AlbumCell.m in Sources */,
				A1E4A06E1DDD7C4400E6FBC0 /* PageController.m in Sources */,
			);
			runOnlyForDeploymentPostprocessing = 0;
		};
/* End PBXSourcesBuildPhase section */

/* Begin XCBuildConfiguration section */
		A11833451DDC970800A7BE21 /* Debug */ = {
			isa = XCBuildConfiguration;
			buildSettings = {
				ALWAYS_SEARCH_USER_PATHS = NO;
				CLANG_ANALYZER_NONNULL = YES;
				CLANG_CXX_LANGUAGE_STANDARD = "gnu++0x";
				CLANG_CXX_LIBRARY = "libc++";
				CLANG_ENABLE_MODULES = YES;
				CLANG_ENABLE_OBJC_ARC = YES;
				CLANG_WARN_BOOL_CONVERSION = YES;
				CLANG_WARN_CONSTANT_CONVERSION = YES;
				CLANG_WARN_DIRECT_OBJC_ISA_USAGE = YES_ERROR;
				CLANG_WARN_DOCUMENTATION_COMMENTS = YES;
				CLANG_WARN_EMPTY_BODY = YES;
				CLANG_WARN_ENUM_CONVERSION = YES;
				CLANG_WARN_INFINITE_RECURSION = YES;
				CLANG_WARN_INT_CONVERSION = YES;
				CLANG_WARN_OBJC_ROOT_CLASS = YES_ERROR;
				CLANG_WARN_SUSPICIOUS_MOVES = YES;
				CLANG_WARN_UNREACHABLE_CODE = YES;
				CLANG_WARN__DUPLICATE_METHOD_MATCH = YES;
				"CODE_SIGN_IDENTITY[sdk=iphoneos*]" = "iPhone Developer";
				COPY_PHASE_STRIP = NO;
				DEBUG_INFORMATION_FORMAT = dwarf;
				ENABLE_STRICT_OBJC_MSGSEND = YES;
				ENABLE_TESTABILITY = YES;
				GCC_C_LANGUAGE_STANDARD = gnu99;
				GCC_DYNAMIC_NO_PIC = NO;
				GCC_NO_COMMON_BLOCKS = YES;
				GCC_OPTIMIZATION_LEVEL = 0;
				GCC_PREPROCESSOR_DEFINITIONS = (
					"DEBUG=1",
					"$(inherited)",
				);
				GCC_WARN_64_TO_32_BIT_CONVERSION = YES;
				GCC_WARN_ABOUT_RETURN_TYPE = YES_ERROR;
				GCC_WARN_UNDECLARED_SELECTOR = YES;
				GCC_WARN_UNINITIALIZED_AUTOS = YES_AGGRESSIVE;
				GCC_WARN_UNUSED_FUNCTION = YES;
				GCC_WARN_UNUSED_VARIABLE = YES;
				IPHONEOS_DEPLOYMENT_TARGET = 10.1;
				MTL_ENABLE_DEBUG_INFO = YES;
				ONLY_ACTIVE_ARCH = YES;
				SDKROOT = iphoneos;
			};
			name = Debug;
		};
		A11833461DDC970800A7BE21 /* Release */ = {
			isa = XCBuildConfiguration;
			buildSettings = {
				ALWAYS_SEARCH_USER_PATHS = NO;
				CLANG_ANALYZER_NONNULL = YES;
				CLANG_CXX_LANGUAGE_STANDARD = "gnu++0x";
				CLANG_CXX_LIBRARY = "libc++";
				CLANG_ENABLE_MODULES = YES;
				CLANG_ENABLE_OBJC_ARC = YES;
				CLANG_WARN_BOOL_CONVERSION = YES;
				CLANG_WARN_CONSTANT_CONVERSION = YES;
				CLANG_WARN_DIRECT_OBJC_ISA_USAGE = YES_ERROR;
				CLANG_WARN_DOCUMENTATION_COMMENTS = YES;
				CLANG_WARN_EMPTY_BODY = YES;
				CLANG_WARN_ENUM_CONVERSION = YES;
				CLANG_WARN_INFINITE_RECURSION = YES;
				CLANG_WARN_INT_CONVERSION = YES;
				CLANG_WARN_OBJC_ROOT_CLASS = YES_ERROR;
				CLANG_WARN_SUSPICIOUS_MOVES = YES;
				CLANG_WARN_UNREACHABLE_CODE = YES;
				CLANG_WARN__DUPLICATE_METHOD_MATCH = YES;
				"CODE_SIGN_IDENTITY[sdk=iphoneos*]" = "iPhone Developer";
				COPY_PHASE_STRIP = NO;
				DEBUG_INFORMATION_FORMAT = "dwarf-with-dsym";
				ENABLE_NS_ASSERTIONS = NO;
				ENABLE_STRICT_OBJC_MSGSEND = YES;
				GCC_C_LANGUAGE_STANDARD = gnu99;
				GCC_NO_COMMON_BLOCKS = YES;
				GCC_WARN_64_TO_32_BIT_CONVERSION = YES;
				GCC_WARN_ABOUT_RETURN_TYPE = YES_ERROR;
				GCC_WARN_UNDECLARED_SELECTOR = YES;
				GCC_WARN_UNINITIALIZED_AUTOS = YES_AGGRESSIVE;
				GCC_WARN_UNUSED_FUNCTION = YES;
				GCC_WARN_UNUSED_VARIABLE = YES;
				IPHONEOS_DEPLOYMENT_TARGET = 10.1;
				MTL_ENABLE_DEBUG_INFO = NO;
				SDKROOT = iphoneos;
				VALIDATE_PRODUCT = YES;
			};
			name = Release;
		};
		A11833481DDC970800A7BE21 /* Debug */ = {
			isa = XCBuildConfiguration;
			buildSettings = {
				ASSETCATALOG_COMPILER_APPICON_NAME = AppIcon;
				DEVELOPMENT_TEAM = 34F67V55EC;
				GCC_PRECOMPILE_PREFIX_HEADER = YES;
				GCC_PREFIX_HEADER = Photos/PrefixHeader.pch;
				INFOPLIST_FILE = Photos/Info.plist;
				IPHONEOS_DEPLOYMENT_TARGET = 9.0;
				LD_RUNPATH_SEARCH_PATHS = "$(inherited) @executable_path/Frameworks";
				PRODUCT_BUNDLE_IDENTIFIER = com.tulindanil.photosapp;
				PRODUCT_NAME = "$(TARGET_NAME)";
				TARGETED_DEVICE_FAMILY = "1,2";
			};
			name = Debug;
		};
		A11833491DDC970800A7BE21 /* Release */ = {
			isa = XCBuildConfiguration;
			buildSettings = {
				ASSETCATALOG_COMPILER_APPICON_NAME = AppIcon;
				DEVELOPMENT_TEAM = 34F67V55EC;
				GCC_PRECOMPILE_PREFIX_HEADER = YES;
				GCC_PREFIX_HEADER = Photos/PrefixHeader.pch;
				INFOPLIST_FILE = Photos/Info.plist;
				IPHONEOS_DEPLOYMENT_TARGET = 9.0;
				LD_RUNPATH_SEARCH_PATHS = "$(inherited) @executable_path/Frameworks";
				PRODUCT_BUNDLE_IDENTIFIER = com.tulindanil.photosapp;
				PRODUCT_NAME = "$(TARGET_NAME)";
				TARGETED_DEVICE_FAMILY = "1,2";
			};
			name = Release;
		};
/* End XCBuildConfiguration section */

/* Begin XCConfigurationList section */
		A11833151DDC970800A7BE21 /* Build configuration list for PBXProject "Photos" */ = {
			isa = XCConfigurationList;
			buildConfigurations = (
				A11833451DDC970800A7BE21 /* Debug */,
				A11833461DDC970800A7BE21 /* Release */,
			);
			defaultConfigurationIsVisible = 0;
			defaultConfigurationName = Release;
		};
		A11833471DDC970800A7BE21 /* Build configuration list for PBXNativeTarget "Photos" */ = {
			isa = XCConfigurationList;
			buildConfigurations = (
				A11833481DDC970800A7BE21 /* Debug */,
				A11833491DDC970800A7BE21 /* Release */,
			);
			defaultConfigurationIsVisible = 0;
			defaultConfigurationName = Release;
		};
/* End XCConfigurationList section */
	};
	rootObject = A11833121DDC970800A7BE21 /* Project object */;
}
